<?xml version="1.0" encoding="utf-8"?>
<Project ToolsVersion="4.0" xmlns="http://schemas.microsoft.com/developer/msbuild/2003">
  <ItemGroup>
    <Filter Include="Pliki źródłowe">
      <UniqueIdentifier>{4FC737F1-C7A5-4376-A066-2A32D752A2FF}</UniqueIdentifier>
      <Extensions>cpp;c;cc;cxx;def;odl;idl;hpj;bat;asm;asmx</Extensions>
    </Filter>
    <Filter Include="Pliki nagłówkowe">
      <UniqueIdentifier>{93995380-89BD-4b04-88EB-625FBE52EBFB}</UniqueIdentifier>
      <Extensions>h;hh;hpp;hxx;hm;inl;inc;ipp;xsd</Extensions>
    </Filter>
    <Filter Include="Pliki zasobów">
      <UniqueIdentifier>{67DA6AB6-F800-4c08-8B7A-83BB121AAD01}</UniqueIdentifier>
      <Extensions>rc;ico;cur;bmp;dlg;rc2;rct;bin;rgs;gif;jpg;jpeg;jpe;resx;tiff;tif;png;wav;mfcribbon-ms</Extensions>
    </Filter>
    <Filter Include="Pliki nagłówkowe\ToDo">
      <UniqueIdentifier>{e4827727-a446-49f5-afb4-a1e453020024}</UniqueIdentifier>
    </Filter>
    <Filter Include="Pliki nagłówkowe\Done">
      <UniqueIdentifier>{957982f5-80ee-463b-a294-206f410e86c5}</UniqueIdentifier>
    </Filter>
    <Filter Include="Pliki nagłówkowe\Done\Objects">
      <UniqueIdentifier>{8a73d2ec-c07c-4a80-a57e-b190f14baedb}</UniqueIdentifier>
    </Filter>
    <Filter Include="Pliki nagłówkowe\Done\Controlers">
      <UniqueIdentifier>{5d168710-83c6-4fc4-9ff4-f58d41a4ce78}</UniqueIdentifier>
    </Filter>
  </ItemGroup>
  <ItemGroup>
    <ClInclude Include="stdafx.h">
      <Filter>Pliki nagłówkowe</Filter>
    </ClInclude>
    <ClInclude Include="targetver.h">
      <Filter>Pliki nagłówkowe</Filter>
    </ClInclude>
    <ClInclude Include="Board.h">
      <Filter>Pliki nagłówkowe\ToDo</Filter>
    </ClInclude>
    <ClInclude Include="Console.h">
      <Filter>Pliki nagłówkowe\ToDo</Filter>
    </ClInclude>
    <ClInclude Include="Dynamic_Object.h">
      <Filter>Pliki nagłówkowe\ToDo</Filter>
    </ClInclude>
    <ClInclude Include="Game.h">
      <Filter>Pliki nagłówkowe\ToDo</Filter>
    </ClInclude>
    <ClInclude Include="Menu.h">
      <Filter>Pliki nagłówkowe\ToDo</Filter>
    </ClInclude>
    <ClInclude Include="Player.h">
      <Filter>Pliki nagłówkowe\ToDo</Filter>
    </ClInclude>
    <ClInclude Include="Score.h">
      <Filter>Pliki nagłówkowe\ToDo</Filter>
    </ClInclude>
    <ClInclude Include="Weapon.h">
      <Filter>Pliki nagłówkowe\ToDo</Filter>
    </ClInclude>
    <ClInclude Include="Monster.h">
      <Filter>Pliki nagłówkowe\ToDo</Filter>
    </ClInclude>
    <ClInclude Include="Small_Monster.h">
      <Filter>Pliki nagłówkowe\ToDo</Filter>
    </ClInclude>
    <ClInclude Include="Large_Monster.h">
      <Filter>Pliki nagłówkowe\ToDo</Filter>
    </ClInclude>
    <ClInclude Include="Constances.h">
      <Filter>Pliki nagłówkowe\ToDo</Filter>
    </ClInclude>
    <ClInclude Include="Heart.h">
      <Filter>Pliki nagłówkowe\Done\Objects</Filter>
    </ClInclude>
    <ClInclude Include="Object.h">
      <Filter>Pliki nagłówkowe\Done\Objects</Filter>
    </ClInclude>
    <ClInclude Include="PickableObject.h">
      <Filter>Pliki nagłówkowe\Done\Objects</Filter>
    </ClInclude>
    <ClInclude Include="Wall.h">
      <Filter>Pliki nagłówkowe\Done\Objects</Filter>
    </ClInclude>
    <ClInclude Include="Sword.h">
      <Filter>Pliki nagłówkowe\Done\Objects</Filter>
    </ClInclude>
  </ItemGroup>
  <ItemGroup>
    <ClCompile Include="stdafx.cpp">
      <Filter>Pliki źródłowe</Filter>
    </ClCompile>
    <ClCompile Include="Potwory.cpp">
      <Filter>Pliki źródłowe</Filter>
    </ClCompile>
    <ClCompile Include="Object.cpp">
      <Filter>Pliki źródłowe</Filter>
    </ClCompile>
    <ClCompile Include="Game.cpp">
      <Filter>Pliki źródłowe</Filter>
    </ClCompile>
    <ClCompile Include="Heart.cpp">
      <Filter>Pliki źródłowe</Filter>
    </ClCompile>
    <ClCompile Include="PickableObject.cpp">
      <Filter>Pliki źródłowe</Filter>
    </ClCompile>
    <ClCompile Include="Wall.cpp">
      <Filter>Pliki źródłowe</Filter>
    </ClCompile>
    <ClCompile Include="Sword.cpp">
      <Filter>Pliki źródłowe</Filter>
    </ClCompile>
    <ClCompile Include="Dynamic_Object.cpp">
      <Filter>Pliki źródłowe</Filter>
    </ClCompile>
    <ClCompile Include="Score.cpp">
      <Filter>Pliki źródłowe</Filter>
    </ClCompile>
  </ItemGroup>
</Project>